{
  "version": 4,
  "terraform_version": "1.14.1",
  "serial": 1,
  "lineage": "dc9349ac-ac06-9083-4dc5-5677554db93f",
  "outputs": {},
  "resources": [
    {
      "mode": "managed",
      "type": "local_file",
      "name": "devops_log",
      "provider": "provider[\"registry.terraform.io/hashicorp/local\"]",
      "instances": [
        {
          "schema_version": 0,
          "attributes": {
            "content": "Infraestrutura criada pelo Pipeline do Moises! Data: 2025",
            "content_base64": null,
            "content_base64sha256": "ZNk14RY88FQWz9QghZnm90nHnyYDuf+6K+48hz1yN8Q=",
            "content_base64sha512": "0AShCTxE1oyubn2SkVef36gNGz52YRr4mb+LwH4mZfSYrPPZnUurP5ggrFAu9UVAGNmMUrHmlVgKyGJTstK6wg==",
            "content_md5": "7be22f6fa52d99d9ea06736df246853a",
            "content_sha1": "79045764d72b1e32043e92624a02cc95b2851188",
            "content_sha256": "64d935e1163cf05416cfd4208599e6f749c79f2603b9ffba2bee3c873d7237c4",
            "content_sha512": "d004a1093c44d68cae6e7d9291579fdfa80d1b3e76611af899bf8bc07e2665f498acf3d99d4bab3f9820ac502ef5454018d98c52b1e695580ac86253b2d2bac2",
            "directory_permission": "0777",
            "file_permission": "0777",
            "filename": "./infra-deploy.txt",
            "id": "79045764d72b1e32043e92624a02cc95b2851188",
            "sensitive_content": null,
            "source": null
          },
          "sensitive_attributes": [
            [
              {
                "type": "get_attr",
                "value": "sensitive_content"
              }
            ]
          ],
          "identity_schema_version": 0
        }
      ]
    }
  ],
  "check_results": null
}
